
Microsoft Visual Studio Solution File, Format Version 12.00
# Visual Studio Version 17
VisualStudioVersion = 17.4.33213.308
MinimumVisualStudioVersion = 10.0.40219.1
Project("{FAE04EC0-301F-11D3-BF4B-00C04F79EFBC}") = "bebraProjectr777", "bebraProjectr777\bebraProjectr777.csproj", "{8719E721-DF63-4D01-A281-2CAF79A014F8}"
EndProject
Global
	GlobalSection(SolutionConfigurationPlatforms) = preSolution
		Debug|Any CPU = Debug|Any CPU
		Release|Any CPU = Release|Any CPU
	EndGlobalSection
	GlobalSection(ProjectConfigurationPlatforms) = postSolution
		{8719E721-DF63-4D01-A281-2CAF79A014F8}.Debug|Any CPU.ActiveCfg = Debug|Any CPU
		{8719E721-DF63-4D01-A281-2CAF79A014F8}.Debug|Any CPU.Build.0 = Debug|Any CPU
		{8719E721-DF63-4D01-A281-2CAF79A014F8}.Release|Any CPU.ActiveCfg = Release|Any CPU
		{8719E721-DF63-4D01-A281-2CAF79A014F8}.Release|Any CPU.Build.0 = Release|Any CPU
	EndGlobalSection
	GlobalSection(SolutionProperties) = preSolution
		HideSolutionNode = FALSE
	EndGlobalSection
	GlobalSection(ExtensibilityGlobals) = postSolution
		SolutionGuid = {E81F5185-73CA-4307-91AB-6A54D4625DDB}
	EndGlobalSection
EndGlobal
